// !$*UTF8*$!
{
	archiveVersion = 1;
	classes = {
	};
	objectVersion = 46;
	objects = {

/* Begin PBXBuildFile section */
		F5D6F51D1C1137C1004B51F2 /* main.m in Sources */ = {isa = PBXBuildFile; fileRef = F5D6F51C1C1137C1004B51F2 /* main.m */; };
		F5D6F5201C1137C2004B51F2 /* AppDelegate.m in Sources */ = {isa = PBXBuildFile; fileRef = F5D6F51F1C1137C2004B51F2 /* AppDelegate.m */; };
		F5D6F5231C1137C2004B51F2 /* ViewController.m in Sources */ = {isa = PBXBuildFile; fileRef = F5D6F5221C1137C2004B51F2 /* ViewController.m */; };
		F5D6F5261C1137C2004B51F2 /* Main.storyboard in Resources */ = {isa = PBXBuildFile; fileRef = F5D6F5241C1137C2004B51F2 /* Main.storyboard */; };
		F5D6F5281C1137C2004B51F2 /* Assets.xcassets in Resources */ = {isa = PBXBuildFile; fileRef = F5D6F5271C1137C2004B51F2 /* Assets.xcassets */; };
		F5D6F52B1C1137C2004B51F2 /* LaunchScreen.storyboard in Resources */ = {isa = PBXBuildFile; fileRef = F5D6F5291C1137C2004B51F2 /* LaunchScreen.storyboard */; };
		F5D6F5361C1137C2004B51F2 /* ____Tests.m in Sources */ = {isa = PBXBuildFile; fileRef = F5D6F5351C1137C2004B51F2 /* ____Tests.m */; };
		F5D6F5411C1137C2004B51F2 /* ____UITests.m in Sources */ = {isa = PBXBuildFile; fileRef = F5D6F5401C1137C2004B51F2 /* ____UITests.m */; };
		F5D6F5631C113D35004B51F2 /* AFHTTPRequestOperation.m in Sources */ = {isa = PBXBuildFile; fileRef = F5D6F5511C113D35004B51F2 /* AFHTTPRequestOperation.m */; };
		F5D6F5641C113D35004B51F2 /* AFHTTPRequestOperationManager.m in Sources */ = {isa = PBXBuildFile; fileRef = F5D6F5531C113D35004B51F2 /* AFHTTPRequestOperationManager.m */; };
		F5D6F5651C113D35004B51F2 /* AFHTTPSessionManager.m in Sources */ = {isa = PBXBuildFile; fileRef = F5D6F5551C113D35004B51F2 /* AFHTTPSessionManager.m */; };
		F5D6F5661C113D35004B51F2 /* AFNetworkReachabilityManager.m in Sources */ = {isa = PBXBuildFile; fileRef = F5D6F5581C113D35004B51F2 /* AFNetworkReachabilityManager.m */; };
		F5D6F5671C113D35004B51F2 /* AFSecurityPolicy.m in Sources */ = {isa = PBXBuildFile; fileRef = F5D6F55A1C113D35004B51F2 /* AFSecurityPolicy.m */; };
		F5D6F5681C113D35004B51F2 /* AFURLConnectionOperation.m in Sources */ = {isa = PBXBuildFile; fileRef = F5D6F55C1C113D35004B51F2 /* AFURLConnectionOperation.m */; };
		F5D6F5691C113D35004B51F2 /* AFURLRequestSerialization.m in Sources */ = {isa = PBXBuildFile; fileRef = F5D6F55E1C113D35004B51F2 /* AFURLRequestSerialization.m */; };
		F5D6F56A1C113D35004B51F2 /* AFURLResponseSerialization.m in Sources */ = {isa = PBXBuildFile; fileRef = F5D6F5601C113D35004B51F2 /* AFURLResponseSerialization.m */; };
		F5D6F56B1C113D35004B51F2 /* AFURLSessionManager.m in Sources */ = {isa = PBXBuildFile; fileRef = F5D6F5621C113D35004B51F2 /* AFURLSessionManager.m */; };
		F5D6F56D1C114328004B51F2 /* 01.png in Resources */ = {isa = PBXBuildFile; fileRef = F5D6F56C1C114328004B51F2 /* 01.png */; };
		F5D6F5751C1145F9004B51F2 /* AFDownloadRequestOperation.m in Sources */ = {isa = PBXBuildFile; fileRef = F5D6F5701C1145F9004B51F2 /* AFDownloadRequestOperation.m */; };
		F5D6F5761C1145F9004B51F2 /* DownloadTask.m in Sources */ = {isa = PBXBuildFile; fileRef = F5D6F5721C1145F9004B51F2 /* DownloadTask.m */; };
		F5D6F5771C1145F9004B51F2 /* Networking.m in Sources */ = {isa = PBXBuildFile; fileRef = F5D6F5741C1145F9004B51F2 /* Networking.m */; };
/* End PBXBuildFile section */

/* Begin PBXContainerItemProxy section */
		F5D6F5321C1137C2004B51F2 /* PBXContainerItemProxy */ = {
			isa = PBXContainerItemProxy;
			containerPortal = F5D6F5101C1137C1004B51F2 /* Project object */;
			proxyType = 1;
			remoteGlobalIDString = F5D6F5171C1137C1004B51F2;
			remoteInfo = "文件上传";
		};
		F5D6F53D1C1137C2004B51F2 /* PBXContainerItemProxy */ = {
			isa = PBXContainerItemProxy;
			containerPortal = F5D6F5101C1137C1004B51F2 /* Project object */;
			proxyType = 1;
			remoteGlobalIDString = F5D6F5171C1137C1004B51F2;
			remoteInfo = "文件上传";
		};
/* End PBXContainerItemProxy section */

/* Begin PBXFileReference section */
		F5D6F5181C1137C1004B51F2 /* 文件上传.app */ = {isa = PBXFileReference; explicitFileType = wrapper.application; includeInIndex = 0; path = "文件上传.app"; sourceTree = BUILT_PRODUCTS_DIR; };
		F5D6F51C1C1137C1004B51F2 /* main.m */ = {isa = PBXFileReference; lastKnownFileType = sourcecode.c.objc; path = main.m; sourceTree = "<group>"; };
		F5D6F51E1C1137C2004B51F2 /* AppDelegate.h */ = {isa = PBXFileReference; lastKnownFileType = sourcecode.c.h; path = AppDelegate.h; sourceTree = "<group>"; };
		F5D6F51F1C1137C2004B51F2 /* AppDelegate.m */ = {isa = PBXFileReference; lastKnownFileType = sourcecode.c.objc; path = AppDelegate.m; sourceTree = "<group>"; };
		F5D6F5211C1137C2004B51F2 /* ViewController.h */ = {isa = PBXFileReference; lastKnownFileType = sourcecode.c.h; path = ViewController.h; sourceTree = "<group>"; };
		F5D6F5221C1137C2004B51F2 /* ViewController.m */ = {isa = PBXFileReference; lastKnownFileType = sourcecode.c.objc; path = ViewController.m; sourceTree = "<group>"; };
		F5D6F5251C1137C2004B51F2 /* Base */ = {isa = PBXFileReference; lastKnownFileType = file.storyboard; name = Base; path = Base.lproj/Main.storyboard; sourceTree = "<group>"; };
		F5D6F5271C1137C2004B51F2 /* Assets.xcassets */ = {isa = PBXFileReference; lastKnownFileType = folder.assetcatalog; path = Assets.xcassets; sourceTree = "<group>"; };
		F5D6F52A1C1137C2004B51F2 /* Base */ = {isa = PBXFileReference; lastKnownFileType = file.storyboard; name = Base; path = Base.lproj/LaunchScreen.storyboard; sourceTree = "<group>"; };
		F5D6F52C1C1137C2004B51F2 /* Info.plist */ = {isa = PBXFileReference; lastKnownFileType = text.plist.xml; path = Info.plist; sourceTree = "<group>"; };
		F5D6F5311C1137C2004B51F2 /* 文件上传Tests.xctest */ = {isa = PBXFileReference; explicitFileType = wrapper.cfbundle; includeInIndex = 0; path = "文件上传Tests.xctest"; sourceTree = BUILT_PRODUCTS_DIR; };
		F5D6F5351C1137C2004B51F2 /* ____Tests.m */ = {isa = PBXFileReference; lastKnownFileType = sourcecode.c.objc; path = "____Tests.m"; sourceTree = "<group>"; };
		F5D6F5371C1137C2004B51F2 /* Info.plist */ = {isa = PBXFileReference; lastKnownFileType = text.plist.xml; path = Info.plist; sourceTree = "<group>"; };
		F5D6F53C1C1137C2004B51F2 /* 文件上传UITests.xctest */ = {isa = PBXFileReference; explicitFileType = wrapper.cfbundle; includeInIndex = 0; path = "文件上传UITests.xctest"; sourceTree = BUILT_PRODUCTS_DIR; };
		F5D6F5401C1137C2004B51F2 /* ____UITests.m */ = {isa = PBXFileReference; lastKnownFileType = sourcecode.c.objc; path = "____UITests.m"; sourceTree = "<group>"; };
		F5D6F5421C1137C2004B51F2 /* Info.plist */ = {isa = PBXFileReference; lastKnownFileType = text.plist.xml; path = Info.plist; sourceTree = "<group>"; };
		F5D6F54E1C113A42004B51F2 /* NetApi.h */ = {isa = PBXFileReference; lastKnownFileType = sourcecode.c.h; path = NetApi.h; sourceTree = "<group>"; };
		F5D6F5501C113D35004B51F2 /* AFHTTPRequestOperation.h */ = {isa = PBXFileReference; fileEncoding = 4; lastKnownFileType = sourcecode.c.h; path = AFHTTPRequestOperation.h; sourceTree = "<group>"; };
		F5D6F5511C113D35004B51F2 /* AFHTTPRequestOperation.m */ = {isa = PBXFileReference; fileEncoding = 4; lastKnownFileType = sourcecode.c.objc; path = AFHTTPRequestOperation.m; sourceTree = "<group>"; };
		F5D6F5521C113D35004B51F2 /* AFHTTPRequestOperationManager.h */ = {isa = PBXFileReference; fileEncoding = 4; lastKnownFileType = sourcecode.c.h; path = AFHTTPRequestOperationManager.h; sourceTree = "<group>"; };
		F5D6F5531C113D35004B51F2 /* AFHTTPRequestOperationManager.m */ = {isa = PBXFileReference; fileEncoding = 4; lastKnownFileType = sourcecode.c.objc; path = AFHTTPRequestOperationManager.m; sourceTree = "<group>"; };
		F5D6F5541C113D35004B51F2 /* AFHTTPSessionManager.h */ = {isa = PBXFileReference; fileEncoding = 4; lastKnownFileType = sourcecode.c.h; path = AFHTTPSessionManager.h; sourceTree = "<group>"; };
		F5D6F5551C113D35004B51F2 /* AFHTTPSessionManager.m */ = {isa = PBXFileReference; fileEncoding = 4; lastKnownFileType = sourcecode.c.objc; path = AFHTTPSessionManager.m; sourceTree = "<group>"; };
		F5D6F5561C113D35004B51F2 /* AFNetworking.h */ = {isa = PBXFileReference; fileEncoding = 4; lastKnownFileType = sourcecode.c.h; path = AFNetworking.h; sourceTree = "<group>"; };
		F5D6F5571C113D35004B51F2 /* AFNetworkReachabilityManager.h */ = {isa = PBXFileReference; fileEncoding = 4; lastKnownFileType = sourcecode.c.h; path = AFNetworkReachabilityManager.h; sourceTree = "<group>"; };
		F5D6F5581C113D35004B51F2 /* AFNetworkReachabilityManager.m */ = {isa = PBXFileReference; fileEncoding = 4; lastKnownFileType = sourcecode.c.objc; path = AFNetworkReachabilityManager.m; sourceTree = "<group>"; };
		F5D6F5591C113D35004B51F2 /* AFSecurityPolicy.h */ = {isa = PBXFileReference; fileEncoding = 4; lastKnownFileType = sourcecode.c.h; path = AFSecurityPolicy.h; sourceTree = "<group>"; };
		F5D6F55A1C113D35004B51F2 /* AFSecurityPolicy.m */ = {isa = PBXFileReference; fileEncoding = 4; lastKnownFileType = sourcecode.c.objc; path = AFSecurityPolicy.m; sourceTree = "<group>"; };
		F5D6F55B1C113D35004B51F2 /* AFURLConnectionOperation.h */ = {isa = PBXFileReference; fileEncoding = 4; lastKnownFileType = sourcecode.c.h; path = AFURLConnectionOperation.h; sourceTree = "<group>"; };
		F5D6F55C1C113D35004B51F2 /* AFURLConnectionOperation.m */ = {isa = PBXFileReference; fileEncoding = 4; lastKnownFileType = sourcecode.c.objc; path = AFURLConnectionOperation.m; sourceTree = "<group>"; };
		F5D6F55D1C113D35004B51F2 /* AFURLRequestSerialization.h */ = {isa = PBXFileReference; fileEncoding = 4; lastKnownFileType = sourcecode.c.h; path = AFURLRequestSerialization.h; sourceTree = "<group>"; };
		F5D6F55E1C113D35004B51F2 /* AFURLRequestSerialization.m */ = {isa = PBXFileReference; fileEncoding = 4; lastKnownFileType = sourcecode.c.objc; path = AFURLRequestSerialization.m; sourceTree = "<group>"; };
		F5D6F55F1C113D35004B51F2 /* AFURLResponseSerialization.h */ = {isa = PBXFileReference; fileEncoding = 4; lastKnownFileType = sourcecode.c.h; path = AFURLResponseSerialization.h; sourceTree = "<group>"; };
		F5D6F5601C113D35004B51F2 /* AFURLResponseSerialization.m */ = {isa = PBXFileReference; fileEncoding = 4; lastKnownFileType = sourcecode.c.objc; path = AFURLResponseSerialization.m; sourceTree = "<group>"; };
		F5D6F5611C113D35004B51F2 /* AFURLSessionManager.h */ = {isa = PBXFileReference; fileEncoding = 4; lastKnownFileType = sourcecode.c.h; path = AFURLSessionManager.h; sourceTree = "<group>"; };
		F5D6F5621C113D35004B51F2 /* AFURLSessionManager.m */ = {isa = PBXFileReference; fileEncoding = 4; lastKnownFileType = sourcecode.c.objc; path = AFURLSessionManager.m; sourceTree = "<group>"; };
		F5D6F56C1C114328004B51F2 /* 01.png */ = {isa = PBXFileReference; lastKnownFileType = image.png; path = 01.png; sourceTree = "<group>"; };
		F5D6F56F1C1145F9004B51F2 /* AFDownloadRequestOperation.h */ = {isa = PBXFileReference; fileEncoding = 4; lastKnownFileType = sourcecode.c.h; path = AFDownloadRequestOperation.h; sourceTree = "<group>"; };
		F5D6F5701C1145F9004B51F2 /* AFDownloadRequestOperation.m */ = {isa = PBXFileReference; fileEncoding = 4; lastKnownFileType = sourcecode.c.objc; path = AFDownloadRequestOperation.m; sourceTree = "<group>"; };
		F5D6F5711C1145F9004B51F2 /* DownloadTask.h */ = {isa = PBXFileReference; fileEncoding = 4; lastKnownFileType = sourcecode.c.h; path = DownloadTask.h; sourceTree = "<group>"; };
		F5D6F5721C1145F9004B51F2 /* DownloadTask.m */ = {isa = PBXFileReference; fileEncoding = 4; lastKnownFileType = sourcecode.c.objc; path = DownloadTask.m; sourceTree = "<group>"; };
		F5D6F5731C1145F9004B51F2 /* Networking.h */ = {isa = PBXFileReference; fileEncoding = 4; lastKnownFileType = sourcecode.c.h; path = Networking.h; sourceTree = "<group>"; };
		F5D6F5741C1145F9004B51F2 /* Networking.m */ = {isa = PBXFileReference; fileEncoding = 4; lastKnownFileType = sourcecode.c.objc; path = Networking.m; sourceTree = "<group>"; };
/* End PBXFileReference section */

/* Begin PBXFrameworksBuildPhase section */
		F5D6F5151C1137C1004B51F2 /* Frameworks */ = {
			isa = PBXFrameworksBuildPhase;
			buildActionMask = 2147483647;
			files = (
			);
			runOnlyForDeploymentPostprocessing = 0;
		};
		F5D6F52E1C1137C2004B51F2 /* Frameworks */ = {
			isa = PBXFrameworksBuildPhase;
			buildActionMask = 2147483647;
			files = (
			);
			runOnlyForDeploymentPostprocessing = 0;
		};
		F5D6F5391C1137C2004B51F2 /* Frameworks */ = {
			isa = PBXFrameworksBuildPhase;
			buildActionMask = 2147483647;
			files = (
			);
			runOnlyForDeploymentPostprocessing = 0;
		};
/* End PBXFrameworksBuildPhase section */

/* Begin PBXGroup section */
		F5D6F50F1C1137C1004B51F2 = {
			isa = PBXGroup;
			children = (
				F5D6F56E1C1145F9004B51F2 /* Networking */,
				F5D6F56C1C114328004B51F2 /* 01.png */,
				F5D6F54F1C113D35004B51F2 /* AFNetworking */,
				F5D6F51A1C1137C1004B51F2 /* 文件上传 */,
				F5D6F5341C1137C2004B51F2 /* 文件上传Tests */,
				F5D6F53F1C1137C2004B51F2 /* 文件上传UITests */,
				F5D6F5191C1137C1004B51F2 /* Products */,
			);
			sourceTree = "<group>";
		};
		F5D6F5191C1137C1004B51F2 /* Products */ = {
			isa = PBXGroup;
			children = (
				F5D6F5181C1137C1004B51F2 /* 文件上传.app */,
				F5D6F5311C1137C2004B51F2 /* 文件上传Tests.xctest */,
				F5D6F53C1C1137C2004B51F2 /* 文件上传UITests.xctest */,
			);
			name = Products;
			sourceTree = "<group>";
		};
		F5D6F51A1C1137C1004B51F2 /* 文件上传 */ = {
			isa = PBXGroup;
			children = (
				F5D6F51E1C1137C2004B51F2 /* AppDelegate.h */,
				F5D6F51F1C1137C2004B51F2 /* AppDelegate.m */,
				F5D6F5211C1137C2004B51F2 /* ViewController.h */,
				F5D6F5221C1137C2004B51F2 /* ViewController.m */,
				F5D6F54E1C113A42004B51F2 /* NetApi.h */,
				F5D6F5241C1137C2004B51F2 /* Main.storyboard */,
				F5D6F5271C1137C2004B51F2 /* Assets.xcassets */,
				F5D6F5291C1137C2004B51F2 /* LaunchScreen.storyboard */,
				F5D6F52C1C1137C2004B51F2 /* Info.plist */,
				F5D6F51B1C1137C1004B51F2 /* Supporting Files */,
			);
			path = "文件上传";
			sourceTree = "<group>";
		};
		F5D6F51B1C1137C1004B51F2 /* Supporting Files */ = {
			isa = PBXGroup;
			children = (
				F5D6F51C1C1137C1004B51F2 /* main.m */,
			);
			name = "Supporting Files";
			sourceTree = "<group>";
		};
		F5D6F5341C1137C2004B51F2 /* 文件上传Tests */ = {
			isa = PBXGroup;
			children = (
				F5D6F5351C1137C2004B51F2 /* ____Tests.m */,
				F5D6F5371C1137C2004B51F2 /* Info.plist */,
			);
			path = "文件上传Tests";
			sourceTree = "<group>";
		};
		F5D6F53F1C1137C2004B51F2 /* 文件上传UITests */ = {
			isa = PBXGroup;
			children = (
				F5D6F5401C1137C2004B51F2 /* ____UITests.m */,
				F5D6F5421C1137C2004B51F2 /* Info.plist */,
			);
			path = "文件上传UITests";
			sourceTree = "<group>";
		};
		F5D6F54F1C113D35004B51F2 /* AFNetworking */ = {
			isa = PBXGroup;
			children = (
				F5D6F5501C113D35004B51F2 /* AFHTTPRequestOperation.h */,
				F5D6F5511C113D35004B51F2 /* AFHTTPRequestOperation.m */,
				F5D6F5521C113D35004B51F2 /* AFHTTPRequestOperationManager.h */,
				F5D6F5531C113D35004B51F2 /* AFHTTPRequestOperationManager.m */,
				F5D6F5541C113D35004B51F2 /* AFHTTPSessionManager.h */,
				F5D6F5551C113D35004B51F2 /* AFHTTPSessionManager.m */,
				F5D6F5561C113D35004B51F2 /* AFNetworking.h */,
				F5D6F5571C113D35004B51F2 /* AFNetworkReachabilityManager.h */,
				F5D6F5581C113D35004B51F2 /* AFNetworkReachabilityManager.m */,
				F5D6F5591C113D35004B51F2 /* AFSecurityPolicy.h */,
				F5D6F55A1C113D35004B51F2 /* AFSecurityPolicy.m */,
				F5D6F55B1C113D35004B51F2 /* AFURLConnectionOperation.h */,
				F5D6F55C1C113D35004B51F2 /* AFURLConnectionOperation.m */,
				F5D6F55D1C113D35004B51F2 /* AFURLRequestSerialization.h */,
				F5D6F55E1C113D35004B51F2 /* AFURLRequestSerialization.m */,
				F5D6F55F1C113D35004B51F2 /* AFURLResponseSerialization.h */,
				F5D6F5601C113D35004B51F2 /* AFURLResponseSerialization.m */,
				F5D6F5611C113D35004B51F2 /* AFURLSessionManager.h */,
				F5D6F5621C113D35004B51F2 /* AFURLSessionManager.m */,
			);
			path = AFNetworking;
			sourceTree = "<group>";
		};
		F5D6F56E1C1145F9004B51F2 /* Networking */ = {
			isa = PBXGroup;
			children = (
				F5D6F56F1C1145F9004B51F2 /* AFDownloadRequestOperation.h */,
				F5D6F5701C1145F9004B51F2 /* AFDownloadRequestOperation.m */,
				F5D6F5711C1145F9004B51F2 /* DownloadTask.h */,
				F5D6F5721C1145F9004B51F2 /* DownloadTask.m */,
				F5D6F5731C1145F9004B51F2 /* Networking.h */,
				F5D6F5741C1145F9004B51F2 /* Networking.m */,
			);
			path = Networking;
			sourceTree = "<group>";
		};
/* End PBXGroup section */

/* Begin PBXNativeTarget section */
		F5D6F5171C1137C1004B51F2 /* 文件上传 */ = {
			isa = PBXNativeTarget;
			buildConfigurationList = F5D6F5451C1137C2004B51F2 /* Build configuration list for PBXNativeTarget "文件上传" */;
			buildPhases = (
				F5D6F5141C1137C1004B51F2 /* Sources */,
				F5D6F5151C1137C1004B51F2 /* Frameworks */,
				F5D6F5161C1137C1004B51F2 /* Resources */,
			);
			buildRules = (
			);
			dependencies = (
			);
			name = "文件上传";
			productName = "文件上传";
			productReference = F5D6F5181C1137C1004B51F2 /* 文件上传.app */;
			productType = "com.apple.product-type.application";
		};
		F5D6F5301C1137C2004B51F2 /* 文件上传Tests */ = {
			isa = PBXNativeTarget;
			buildConfigurationList = F5D6F5481C1137C2004B51F2 /* Build configuration list for PBXNativeTarget "文件上传Tests" */;
			buildPhases = (
				F5D6F52D1C1137C2004B51F2 /* Sources */,
				F5D6F52E1C1137C2004B51F2 /* Frameworks */,
				F5D6F52F1C1137C2004B51F2 /* Resources */,
			);
			buildRules = (
			);
			dependencies = (
				F5D6F5331C1137C2004B51F2 /* PBXTargetDependency */,
			);
			name = "文件上传Tests";
			productName = "文件上传Tests";
			productReference = F5D6F5311C1137C2004B51F2 /* 文件上传Tests.xctest */;
			productType = "com.apple.product-type.bundle.unit-test";
		};
		F5D6F53B1C1137C2004B51F2 /* 文件上传UITests */ = {
			isa = PBXNativeTarget;
			buildConfigurationList = F5D6F54B1C1137C2004B51F2 /* Build configuration list for PBXNativeTarget "文件上传UITests" */;
			buildPhases = (
				F5D6F5381C1137C2004B51F2 /* Sources */,
				F5D6F5391C1137C2004B51F2 /* Frameworks */,
				F5D6F53A1C1137C2004B51F2 /* Resources */,
			);
			buildRules = (
			);
			dependencies = (
				F5D6F53E1C1137C2004B51F2 /* PBXTargetDependency */,
			);
			name = "文件上传UITests";
			productName = "文件上传UITests";
			productReference = F5D6F53C1C1137C2004B51F2 /* 文件上传UITests.xctest */;
			productType = "com.apple.product-type.bundle.ui-testing";
		};
/* End PBXNativeTarget section */

/* Begin PBXProject section */
		F5D6F5101C1137C1004B51F2 /* Project object */ = {
			isa = PBXProject;
			attributes = {
				LastUpgradeCheck = 0710;
				ORGANIZATIONNAME = qianfeng;
				TargetAttributes = {
					F5D6F5171C1137C1004B51F2 = {
						CreatedOnToolsVersion = 7.1.1;
					};
					F5D6F5301C1137C2004B51F2 = {
						CreatedOnToolsVersion = 7.1.1;
						TestTargetID = F5D6F5171C1137C1004B51F2;
					};
					F5D6F53B1C1137C2004B51F2 = {
						CreatedOnToolsVersion = 7.1.1;
						TestTargetID = F5D6F5171C1137C1004B51F2;
					};
				};
			};
			buildConfigurationList = F5D6F5131C1137C1004B51F2 /* Build configuration list for PBXProject "文件上传" */;
			compatibilityVersion = "Xcode 3.2";
			developmentRegion = English;
			hasScannedForEncodings = 0;
			knownRegions = (
				en,
				Base,
			);
			mainGroup = F5D6F50F1C1137C1004B51F2;
			productRefGroup = F5D6F5191C1137C1004B51F2 /* Products */;
			projectDirPath = "";
			projectRoot = "";
			targets = (
				F5D6F5171C1137C1004B51F2 /* 文件上传 */,
				F5D6F5301C1137C2004B51F2 /* 文件上传Tests */,
				F5D6F53B1C1137C2004B51F2 /* 文件上传UITests */,
			);
		};
/* End PBXProject section */

/* Begin PBXResourcesBuildPhase section */
		F5D6F5161C1137C1004B51F2 /* Resources */ = {
			isa = PBXResourcesBuildPhase;
			buildActionMask = 2147483647;
			files = (
				F5D6F52B1C1137C2004B51F2 /* LaunchScreen.storyboard in Resources */,
				F5D6F5281C1137C2004B51F2 /* Assets.xcassets in Resources */,
				F5D6F56D1C114328004B51F2 /* 01.png in Resources */,
				F5D6F5261C1137C2004B51F2 /* Main.storyboard in Resources */,
			);
			runOnlyForDeploymentPostprocessing = 0;
		};
		F5D6F52F1C1137C2004B51F2 /* Resources */ = {
			isa = PBXResourcesBuildPhase;
			buildActionMask = 2147483647;
			files = (
			);
			runOnlyForDeploymentPostprocessing = 0;
		};
		F5D6F53A1C1137C2004B51F2 /* Resources */ = {
			isa = PBXResourcesBuildPhase;
			buildActionMask = 2147483647;
			files = (
			);
			runOnlyForDeploymentPostprocessing = 0;
		};
/* End PBXResourcesBuildPhase section */

/* Begin PBXSourcesBuildPhase section */
		F5D6F5141C1137C1004B51F2 /* Sources */ = {
			isa = PBXSourcesBuildPhase;
			buildActionMask = 2147483647;
			files = (
				F5D6F5761C1145F9004B51F2 /* DownloadTask.m in Sources */,
				F5D6F5631C113D35004B51F2 /* AFHTTPRequestOperation.m in Sources */,
				F5D6F5231C1137C2004B51F2 /* ViewController.m in Sources */,
				F5D6F5641C113D35004B51F2 /* AFHTTPRequestOperationManager.m in Sources */,
				F5D6F5661C113D35004B51F2 /* AFNetworkReachabilityManager.m in Sources */,
				F5D6F56A1C113D35004B51F2 /* AFURLResponseSerialization.m in Sources */,
				F5D6F5751C1145F9004B51F2 /* AFDownloadRequestOperation.m in Sources */,
				F5D6F5681C113D35004B51F2 /* AFURLConnectionOperation.m in Sources */,
				F5D6F5671C113D35004B51F2 /* AFSecurityPolicy.m in Sources */,
				F5D6F5651C113D35004B51F2 /* AFHTTPSessionManager.m in Sources */,
				F5D6F5691C113D35004B51F2 /* AFURLRequestSerialization.m in Sources */,
				F5D6F5771C1145F9004B51F2 /* Networking.m in Sources */,
				F5D6F56B1C113D35004B51F2 /* AFURLSessionManager.m in Sources */,
				F5D6F5201C1137C2004B51F2 /* AppDelegate.m in Sources */,
				F5D6F51D1C1137C1004B51F2 /* main.m in Sources */,
			);
			runOnlyForDeploymentPostprocessing = 0;
		};
		F5D6F52D1C1137C2004B51F2 /* Sources */ = {
			isa = PBXSourcesBuildPhase;
			buildActionMask = 2147483647;
			files = (
				F5D6F5361C1137C2004B51F2 /* ____Tests.m in Sources */,
			);
			runOnlyForDeploymentPostprocessing = 0;
		};
		F5D6F5381C1137C2004B51F2 /* Sources */ = {
			isa = PBXSourcesBuildPhase;
			buildActionMask = 2147483647;
			files = (
				F5D6F5411C1137C2004B51F2 /* ____UITests.m in Sources */,
			);
			runOnlyForDeploymentPostprocessing = 0;
		};
/* End PBXSourcesBuildPhase section */

/* Begin PBXTargetDependency section */
		F5D6F5331C1137C2004B51F2 /* PBXTargetDependency */ = {
			isa = PBXTargetDependency;
			target = F5D6F5171C1137C1004B51F2 /* 文件上传 */;
			targetProxy = F5D6F5321C1137C2004B51F2 /* PBXContainerItemProxy */;
		};
		F5D6F53E1C1137C2004B51F2 /* PBXTargetDependency */ = {
			isa = PBXTargetDependency;
			target = F5D6F5171C1137C1004B51F2 /* 文件上传 */;
			targetProxy = F5D6F53D1C1137C2004B51F2 /* PBXContainerItemProxy */;
		};
/* End PBXTargetDependency section */

/* Begin PBXVariantGroup section */
		F5D6F5241C1137C2004B51F2 /* Main.storyboard */ = {
			isa = PBXVariantGroup;
			children = (
				F5D6F5251C1137C2004B51F2 /* Base */,
			);
			name = Main.storyboard;
			sourceTree = "<group>";
		};
		F5D6F5291C1137C2004B51F2 /* LaunchScreen.storyboard */ = {
			isa = PBXVariantGroup;
			children = (
				F5D6F52A1C1137C2004B51F2 /* Base */,
			);
			name = LaunchScreen.storyboard;
			sourceTree = "<group>";
		};
/* End PBXVariantGroup section */

/* Begin XCBuildConfiguration section */
		F5D6F5431C1137C2004B51F2 /* Debug */ = {
			isa = XCBuildConfiguration;
			buildSettings = {
				ALWAYS_SEARCH_USER_PATHS = NO;
				CLANG_CXX_LANGUAGE_STANDARD = "gnu++0x";
				CLANG_CXX_LIBRARY = "libc++";
				CLANG_ENABLE_MODULES = YES;
				CLANG_ENABLE_OBJC_ARC = YES;
				CLANG_WARN_BOOL_CONVERSION = YES;
				CLANG_WARN_CONSTANT_CONVERSION = YES;
				CLANG_WARN_DIRECT_OBJC_ISA_USAGE = YES_ERROR;
				CLANG_WARN_EMPTY_BODY = YES;
				CLANG_WARN_ENUM_CONVERSION = YES;
				CLANG_WARN_INT_CONVERSION = YES;
				CLANG_WARN_OBJC_ROOT_CLASS = YES_ERROR;
				CLANG_WARN_UNREACHABLE_CODE = YES;
				CLANG_WARN__DUPLICATE_METHOD_MATCH = YES;
				"CODE_SIGN_IDENTITY[sdk=iphoneos*]" = "iPhone Developer";
				COPY_PHASE_STRIP = NO;
				DEBUG_INFORMATION_FORMAT = dwarf;
				ENABLE_STRICT_OBJC_MSGSEND = YES;
				ENABLE_TESTABILITY = YES;
				GCC_C_LANGUAGE_STANDARD = gnu99;
				GCC_DYNAMIC_NO_PIC = NO;
				GCC_NO_COMMON_BLOCKS = YES;
				GCC_OPTIMIZATION_LEVEL = 0;
				GCC_PREPROCESSOR_DEFINITIONS = (
					"DEBUG=1",
					"$(inherited)",
				);
				GCC_WARN_64_TO_32_BIT_CONVERSION = YES;
				GCC_WARN_ABOUT_RETURN_TYPE = YES_ERROR;
				GCC_WARN_UNDECLARED_SELECTOR = YES;
				GCC_WARN_UNINITIALIZED_AUTOS = YES_AGGRESSIVE;
				GCC_WARN_UNUSED_FUNCTION = YES;
				GCC_WARN_UNUSED_VARIABLE = YES;
				IPHONEOS_DEPLOYMENT_TARGET = 9.1;
				MTL_ENABLE_DEBUG_INFO = YES;
				ONLY_ACTIVE_ARCH = YES;
				SDKROOT = iphoneos;
			};
			name = Debug;
		};
		F5D6F5441C1137C2004B51F2 /* Release */ = {
			isa = XCBuildConfiguration;
			buildSettings = {
				ALWAYS_SEARCH_USER_PATHS = NO;
				CLANG_CXX_LANGUAGE_STANDARD = "gnu++0x";
				CLANG_CXX_LIBRARY = "libc++";
				CLANG_ENABLE_MODULES = YES;
				CLANG_ENABLE_OBJC_ARC = YES;
				CLANG_WARN_BOOL_CONVERSION = YES;
				CLANG_WARN_CONSTANT_CONVERSION = YES;
				CLANG_WARN_DIRECT_OBJC_ISA_USAGE = YES_ERROR;
				CLANG_WARN_EMPTY_BODY = YES;
				CLANG_WARN_ENUM_CONVERSION = YES;
				CLANG_WARN_INT_CONVERSION = YES;
				CLANG_WARN_OBJC_ROOT_CLASS = YES_ERROR;
				CLANG_WARN_UNREACHABLE_CODE = YES;
				CLANG_WARN__DUPLICATE_METHOD_MATCH = YES;
				"CODE_SIGN_IDENTITY[sdk=iphoneos*]" = "iPhone Developer";
				COPY_PHASE_STRIP = NO;
				DEBUG_INFORMATION_FORMAT = "dwarf-with-dsym";
				ENABLE_NS_ASSERTIONS = NO;
				ENABLE_STRICT_OBJC_MSGSEND = YES;
				GCC_C_LANGUAGE_STANDARD = gnu99;
				GCC_NO_COMMON_BLOCKS = YES;
				GCC_WARN_64_TO_32_BIT_CONVERSION = YES;
				GCC_WARN_ABOUT_RETURN_TYPE = YES_ERROR;
				GCC_WARN_UNDECLARED_SELECTOR = YES;
				GCC_WARN_UNINITIALIZED_AUTOS = YES_AGGRESSIVE;
				GCC_WARN_UNUSED_FUNCTION = YES;
				GCC_WARN_UNUSED_VARIABLE = YES;
				IPHONEOS_DEPLOYMENT_TARGET = 9.1;
				MTL_ENABLE_DEBUG_INFO = NO;
				SDKROOT = iphoneos;
				VALIDATE_PRODUCT = YES;
			};
			name = Release;
		};
		F5D6F5461C1137C2004B51F2 /* Debug */ = {
			isa = XCBuildConfiguration;
			buildSettings = {
				ASSETCATALOG_COMPILER_APPICON_NAME = AppIcon;
				INFOPLIST_FILE = "文件上传/Info.plist";
				LD_RUNPATH_SEARCH_PATHS = "$(inherited) @executable_path/Frameworks";
				PRODUCT_BUNDLE_IDENTIFIER = "--.----";
				PRODUCT_NAME = "$(TARGET_NAME)";
			};
			name = Debug;
		};
		F5D6F5471C1137C2004B51F2 /* Release */ = {
			isa = XCBuildConfiguration;
			buildSettings = {
				ASSETCATALOG_COMPILER_APPICON_NAME = AppIcon;
				INFOPLIST_FILE = "文件上传/Info.plist";
				LD_RUNPATH_SEARCH_PATHS = "$(inherited) @executable_path/Frameworks";
				PRODUCT_BUNDLE_IDENTIFIER = "--.----";
				PRODUCT_NAME = "$(TARGET_NAME)";
			};
			name = Release;
		};
		F5D6F5491C1137C2004B51F2 /* Debug */ = {
			isa = XCBuildConfiguration;
			buildSettings = {
				BUNDLE_LOADER = "$(TEST_HOST)";
				INFOPLIST_FILE = "文件上传Tests/Info.plist";
				LD_RUNPATH_SEARCH_PATHS = "$(inherited) @executable_path/Frameworks @loader_path/Frameworks";
				PRODUCT_BUNDLE_IDENTIFIER = "--.----Tests";
				PRODUCT_NAME = "$(TARGET_NAME)";
				TEST_HOST = "$(BUILT_PRODUCTS_DIR)/文件上传.app/文件上传";
			};
			name = Debug;
		};
		F5D6F54A1C1137C2004B51F2 /* Release */ = {
			isa = XCBuildConfiguration;
			buildSettings = {
				BUNDLE_LOADER = "$(TEST_HOST)";
				INFOPLIST_FILE = "文件上传Tests/Info.plist";
				LD_RUNPATH_SEARCH_PATHS = "$(inherited) @executable_path/Frameworks @loader_path/Frameworks";
				PRODUCT_BUNDLE_IDENTIFIER = "--.----Tests";
				PRODUCT_NAME = "$(TARGET_NAME)";
				TEST_HOST = "$(BUILT_PRODUCTS_DIR)/文件上传.app/文件上传";
			};
			name = Release;
		};
		F5D6F54C1C1137C2004B51F2 /* Debug */ = {
			isa = XCBuildConfiguration;
			buildSettings = {
				INFOPLIST_FILE = "文件上传UITests/Info.plist";
				LD_RUNPATH_SEARCH_PATHS = "$(inherited) @executable_path/Frameworks @loader_path/Frameworks";
				PRODUCT_BUNDLE_IDENTIFIER = "--.----UITests";
				PRODUCT_NAME = "$(TARGET_NAME)";
				TEST_TARGET_NAME = "文件上传";
				USES_XCTRUNNER = YES;
			};
			name = Debug;
		};
		F5D6F54D1C1137C2004B51F2 /* Release */ = {
			isa = XCBuildConfiguration;
			buildSettings = {
				INFOPLIST_FILE = "文件上传UITests/Info.plist";
				LD_RUNPATH_SEARCH_PATHS = "$(inherited) @executable_path/Frameworks @loader_path/Frameworks";
				PRODUCT_BUNDLE_IDENTIFIER = "--.----UITests";
				PRODUCT_NAME = "$(TARGET_NAME)";
				TEST_TARGET_NAME = "文件上传";
				USES_XCTRUNNER = YES;
			};
			name = Release;
		};
/* End XCBuildConfiguration section */

/* Begin XCConfigurationList section */
		F5D6F5131C1137C1004B51F2 /* Build configuration list for PBXProject "文件上传" */ = {
			isa = XCConfigurationList;
			buildConfigurations = (
				F5D6F5431C1137C2004B51F2 /* Debug */,
				F5D6F5441C1137C2004B51F2 /* Release */,
			);
			defaultConfigurationIsVisible = 0;
			defaultConfigurationName = Release;
		};
		F5D6F5451C1137C2004B51F2 /* Build configuration list for PBXNativeTarget "文件上传" */ = {
			isa = XCConfigurationList;
			buildConfigurations = (
				F5D6F5461C1137C2004B51F2 /* Debug */,
				F5D6F5471C1137C2004B51F2 /* Release */,
			);
			defaultConfigurationIsVisible = 0;
		};
		F5D6F5481C1137C2004B51F2 /* Build configuration list for PBXNativeTarget "文件上传Tests" */ = {
			isa = XCConfigurationList;
			buildConfigurations = (
				F5D6F5491C1137C2004B51F2 /* Debug */,
				F5D6F54A1C1137C2004B51F2 /* Release */,
			);
			defaultConfigurationIsVisible = 0;
		};
		F5D6F54B1C1137C2004B51F2 /* Build configuration list for PBXNativeTarget "文件上传UITests" */ = {
			isa = XCConfigurationList;
			buildConfigurations = (
				F5D6F54C1C1137C2004B51F2 /* Debug */,
				F5D6F54D1C1137C2004B51F2 /* Release */,
			);
			defaultConfigurationIsVisible = 0;
		};
/* End XCConfigurationList section */
	};
	rootObject = F5D6F5101C1137C1004B51F2 /* Project object */;
}
